
Microsoft Visual Studio Solution File, Format Version 12.00
# Visual Studio Version 17
VisualStudioVersion = 17.6.33815.320
MinimumVisualStudioVersion = 10.0.40219.1
Project("{9A19103F-16F7-4668-BE54-9A1E7A4F7556}") = "NavigationService", "newapp\NavigationService.csproj", "{000654AC-DA44-4D1E-8B7F-981A7EB8E45B}"
EndProject
Global
	GlobalSection(SolutionConfigurationPlatforms) = preSolution
		Debug|Any CPU = Debug|Any CPU
		Release|Any CPU = Release|Any CPU
	EndGlobalSection
	GlobalSection(ProjectConfigurationPlatforms) = postSolution
		{000654AC-DA44-4D1E-8B7F-981A7EB8E45B}.Debug|Any CPU.ActiveCfg = Debug|Any CPU
		{000654AC-DA44-4D1E-8B7F-981A7EB8E45B}.Debug|Any CPU.Build.0 = Debug|Any CPU
		{000654AC-DA44-4D1E-8B7F-981A7EB8E45B}.Release|Any CPU.ActiveCfg = Release|Any CPU
		{000654AC-DA44-4D1E-8B7F-981A7EB8E45B}.Release|Any CPU.Build.0 = Release|Any CPU
	EndGlobalSection
	GlobalSection(SolutionProperties) = preSolution
		HideSolutionNode = FALSE
	EndGlobalSection
	GlobalSection(ExtensibilityGlobals) = postSolution
		SolutionGuid = {14AC72D0-18D2-49D6-AB78-36125E47A39E}
	EndGlobalSection
EndGlobal
